apiVersion: cdi.kubevirt.io/v1beta1
kind: DataVolume
metadata:
  name: "tpl-u1804-cloudimg-block"
spec:
  source:
    pvc:
      name: img-u1804-cloudimg
      namespace: default
  pvc:
    volumeMode: Block
    accessModes:
      - ReadWriteOnce
    resources:
      requests:
        storage: "20Gi"  # Size needs to be specified